
Microsoft Visual Studio Solution File, Format Version 12.00
Project("{FAE04EC0-301F-11D3-BF4B-00C04F79EFBC}") = "GameDriverBossRoomTests", "GameDriverBossRoomTests\GameDriverBossRoomTests.csproj", "{86A91964-9ABA-498D-9316-60D75608586A}"
EndProject
Global
	GlobalSection(SolutionConfigurationPlatforms) = preSolution
		Debug|Any CPU = Debug|Any CPU
		Release|Any CPU = Release|Any CPU
	EndGlobalSection
	GlobalSection(ProjectConfigurationPlatforms) = postSolution
		{86A91964-9ABA-498D-9316-60D75608586A}.Debug|Any CPU.ActiveCfg = Debug|Any CPU
		{86A91964-9ABA-498D-9316-60D75608586A}.Debug|Any CPU.Build.0 = Debug|Any CPU
		{86A91964-9ABA-498D-9316-60D75608586A}.Release|Any CPU.ActiveCfg = Release|Any CPU
		{86A91964-9ABA-498D-9316-60D75608586A}.Release|Any CPU.Build.0 = Release|Any CPU
	EndGlobalSection
EndGlobal
